{
  "requires": true,
  "lockfileVersion": 1,
  "dependencies": {
    "js-audio-recorder": {
      "version": "1.0.7",
      "resolved": "https://registry.npmjs.org/js-audio-recorder/-/js-audio-recorder-1.0.7.tgz",
      "integrity": "sha512-JiDODCElVHGrFyjGYwYyNi7zCbKk9va9C77w+zCPMmi4C6ix7zsX2h3ddHugmo4dOTOTCym9++b/wVW9nC0IaA=="
    },
    "recorder-core": {
      "version": "1.3.24040900",
      "resolved": "https://registry.npmjs.org/recorder-core/-/recorder-core-1.3.24040900.tgz",
      "integrity": "sha512-QVOXHqrQhQ5FMgXTKh4P7oc31Qex2Q5skgBT972+0wrtwHr76zMnrybo48/VyUhS75whRxMFJ5yQpv+wj333Bw=="
    }
  }
}
